
Microsoft Visual Studio Solution File, Format Version 12.00
# Visual Studio 14
VisualStudioVersion = 14.0.24720.0
MinimumVisualStudioVersion = 10.0.40219.1
Project("{8BC9CEB8-8B4A-11D0-8D11-00A0C91BC942}") = "tomoko", "tomoko.vcxproj", "{1A54FEA0-F705-4FE8-BA28-3B5011DFA023}"
EndProject
Project("{8BC9CEB8-8B4A-11D0-8D11-00A0C91BC942}") = "hiro", "hiro.vcxproj", "{1CEEE42B-5357-49A1-A98E-43AF2DCA635B}"
EndProject
Project("{8BC9CEB8-8B4A-11D0-8D11-00A0C91BC942}") = "ruby", "ruby.vcxproj", "{81ABC291-1414-4DC6-B9E2-5E9CD5E1B28F}"
EndProject
Project("{8BC9CEB8-8B4A-11D0-8D11-00A0C91BC942}") = "libco", "libco.vcxproj", "{2E357A06-83A7-4553-A76D-E055C62251F3}"
EndProject
Project("{8BC9CEB8-8B4A-11D0-8D11-00A0C91BC942}") = "higan_sfc", "higan_sfc.vcxproj", "{95BD8D94-CBA6-42DE-A976-4DE233000A39}"
EndProject
Project("{8BC9CEB8-8B4A-11D0-8D11-00A0C91BC942}") = "higan_fc", "higan_fc.vcxproj", "{7017D65E-33C4-4933-968C-78C0F0804F5F}"
EndProject
Project("{8BC9CEB8-8B4A-11D0-8D11-00A0C91BC942}") = "higan_gb", "higan_gb.vcxproj", "{8E766CF6-CAFB-496B-8822-E1CEA12E37A6}"
EndProject
Project("{8BC9CEB8-8B4A-11D0-8D11-00A0C91BC942}") = "higan_gba", "higan_gba.vcxproj", "{AAD9122B-30CC-4F9F-A469-84F85ABD6DAD}"
EndProject
Project("{8BC9CEB8-8B4A-11D0-8D11-00A0C91BC942}") = "higan_ws", "higan_ws.vcxproj", "{A4B3574F-376D-4289-865F-2B1FC8504D14}"
EndProject
Project("{8BC9CEB8-8B4A-11D0-8D11-00A0C91BC942}") = "higan_processor", "higan_processor.vcxproj", "{10EEB27E-9C71-4B96-8BF9-8F5793D75EE6}"
EndProject
Project("{8BC9CEB8-8B4A-11D0-8D11-00A0C91BC942}") = "icarus", "icarus.vcxproj", "{B1EB62C4-E285-4C38-AC0A-132777F698DE}"
EndProject
Global
	GlobalSection(SolutionConfigurationPlatforms) = preSolution
		Debug_Accuracy|x64 = Debug_Accuracy|x64
		Debug_Accuracy|x86 = Debug_Accuracy|x86
		Debug_Balanced|x64 = Debug_Balanced|x64
		Debug_Balanced|x86 = Debug_Balanced|x86
		Debug_Performance|x64 = Debug_Performance|x64
		Debug_Performance|x86 = Debug_Performance|x86
		Release_Accuracy|x64 = Release_Accuracy|x64
		Release_Accuracy|x86 = Release_Accuracy|x86
		Release_Balanced|x64 = Release_Balanced|x64
		Release_Balanced|x86 = Release_Balanced|x86
		Release_Performance|x64 = Release_Performance|x64
		Release_Performance|x86 = Release_Performance|x86
	EndGlobalSection
	GlobalSection(ProjectConfigurationPlatforms) = postSolution
		{1A54FEA0-F705-4FE8-BA28-3B5011DFA023}.Debug_Accuracy|x64.ActiveCfg = Debug_Accuracy|x64
		{1A54FEA0-F705-4FE8-BA28-3B5011DFA023}.Debug_Accuracy|x64.Build.0 = Debug_Accuracy|x64
		{1A54FEA0-F705-4FE8-BA28-3B5011DFA023}.Debug_Accuracy|x86.ActiveCfg = Debug_Accuracy|Win32
		{1A54FEA0-F705-4FE8-BA28-3B5011DFA023}.Debug_Accuracy|x86.Build.0 = Debug_Accuracy|Win32
		{1A54FEA0-F705-4FE8-BA28-3B5011DFA023}.Debug_Balanced|x64.ActiveCfg = Debug_Balanced|x64
		{1A54FEA0-F705-4FE8-BA28-3B5011DFA023}.Debug_Balanced|x64.Build.0 = Debug_Balanced|x64
		{1A54FEA0-F705-4FE8-BA28-3B5011DFA023}.Debug_Balanced|x86.ActiveCfg = Debug_Balanced|Win32
		{1A54FEA0-F705-4FE8-BA28-3B5011DFA023}.Debug_Balanced|x86.Build.0 = Debug_Balanced|Win32
		{1A54FEA0-F705-4FE8-BA28-3B5011DFA023}.Debug_Performance|x64.ActiveCfg = Debug_Performance|x64
		{1A54FEA0-F705-4FE8-BA28-3B5011DFA023}.Debug_Performance|x64.Build.0 = Debug_Performance|x64
		{1A54FEA0-F705-4FE8-BA28-3B5011DFA023}.Debug_Performance|x86.ActiveCfg = Debug_Performance|Win32
		{1A54FEA0-F705-4FE8-BA28-3B5011DFA023}.Debug_Performance|x86.Build.0 = Debug_Performance|Win32
		{1A54FEA0-F705-4FE8-BA28-3B5011DFA023}.Release_Accuracy|x64.ActiveCfg = Release_Accuracy|x64
		{1A54FEA0-F705-4FE8-BA28-3B5011DFA023}.Release_Accuracy|x64.Build.0 = Release_Accuracy|x64
		{1A54FEA0-F705-4FE8-BA28-3B5011DFA023}.Release_Accuracy|x86.ActiveCfg = Release_Accuracy|Win32
		{1A54FEA0-F705-4FE8-BA28-3B5011DFA023}.Release_Accuracy|x86.Build.0 = Release_Accuracy|Win32
		{1A54FEA0-F705-4FE8-BA28-3B5011DFA023}.Release_Balanced|x64.ActiveCfg = Release_Balanced|x64
		{1A54FEA0-F705-4FE8-BA28-3B5011DFA023}.Release_Balanced|x64.Build.0 = Release_Balanced|x64
		{1A54FEA0-F705-4FE8-BA28-3B5011DFA023}.Release_Balanced|x86.ActiveCfg = Release_Balanced|Win32
		{1A54FEA0-F705-4FE8-BA28-3B5011DFA023}.Release_Balanced|x86.Build.0 = Release_Balanced|Win32
		{1A54FEA0-F705-4FE8-BA28-3B5011DFA023}.Release_Performance|x64.ActiveCfg = Release_Performance|x64
		{1A54FEA0-F705-4FE8-BA28-3B5011DFA023}.Release_Performance|x64.Build.0 = Release_Performance|x64
		{1A54FEA0-F705-4FE8-BA28-3B5011DFA023}.Release_Performance|x86.ActiveCfg = Release_Performance|Win32
		{1A54FEA0-F705-4FE8-BA28-3B5011DFA023}.Release_Performance|x86.Build.0 = Release_Performance|Win32
		{1CEEE42B-5357-49A1-A98E-43AF2DCA635B}.Debug_Accuracy|x64.ActiveCfg = Debug|x64
		{1CEEE42B-5357-49A1-A98E-43AF2DCA635B}.Debug_Accuracy|x64.Build.0 = Debug|x64
		{1CEEE42B-5357-49A1-A98E-43AF2DCA635B}.Debug_Accuracy|x86.ActiveCfg = Debug|Win32
		{1CEEE42B-5357-49A1-A98E-43AF2DCA635B}.Debug_Accuracy|x86.Build.0 = Debug|Win32
		{1CEEE42B-5357-49A1-A98E-43AF2DCA635B}.Debug_Balanced|x64.ActiveCfg = Debug|x64
		{1CEEE42B-5357-49A1-A98E-43AF2DCA635B}.Debug_Balanced|x64.Build.0 = Debug|x64
		{1CEEE42B-5357-49A1-A98E-43AF2DCA635B}.Debug_Balanced|x86.ActiveCfg = Debug|Win32
		{1CEEE42B-5357-49A1-A98E-43AF2DCA635B}.Debug_Balanced|x86.Build.0 = Debug|Win32
		{1CEEE42B-5357-49A1-A98E-43AF2DCA635B}.Debug_Performance|x64.ActiveCfg = Debug|x64
		{1CEEE42B-5357-49A1-A98E-43AF2DCA635B}.Debug_Performance|x64.Build.0 = Debug|x64
		{1CEEE42B-5357-49A1-A98E-43AF2DCA635B}.Debug_Performance|x86.ActiveCfg = Debug|Win32
		{1CEEE42B-5357-49A1-A98E-43AF2DCA635B}.Debug_Performance|x86.Build.0 = Debug|Win32
		{1CEEE42B-5357-49A1-A98E-43AF2DCA635B}.Release_Accuracy|x64.ActiveCfg = Release|x64
		{1CEEE42B-5357-49A1-A98E-43AF2DCA635B}.Release_Accuracy|x64.Build.0 = Release|x64
		{1CEEE42B-5357-49A1-A98E-43AF2DCA635B}.Release_Accuracy|x86.ActiveCfg = Release|Win32
		{1CEEE42B-5357-49A1-A98E-43AF2DCA635B}.Release_Accuracy|x86.Build.0 = Release|Win32
		{1CEEE42B-5357-49A1-A98E-43AF2DCA635B}.Release_Balanced|x64.ActiveCfg = Release|x64
		{1CEEE42B-5357-49A1-A98E-43AF2DCA635B}.Release_Balanced|x64.Build.0 = Release|x64
		{1CEEE42B-5357-49A1-A98E-43AF2DCA635B}.Release_Balanced|x86.ActiveCfg = Release|Win32
		{1CEEE42B-5357-49A1-A98E-43AF2DCA635B}.Release_Balanced|x86.Build.0 = Release|Win32
		{1CEEE42B-5357-49A1-A98E-43AF2DCA635B}.Release_Performance|x64.ActiveCfg = Release|x64
		{1CEEE42B-5357-49A1-A98E-43AF2DCA635B}.Release_Performance|x64.Build.0 = Release|x64
		{1CEEE42B-5357-49A1-A98E-43AF2DCA635B}.Release_Performance|x86.ActiveCfg = Release|Win32
		{1CEEE42B-5357-49A1-A98E-43AF2DCA635B}.Release_Performance|x86.Build.0 = Release|Win32
		{81ABC291-1414-4DC6-B9E2-5E9CD5E1B28F}.Debug_Accuracy|x64.ActiveCfg = Debug|x64
		{81ABC291-1414-4DC6-B9E2-5E9CD5E1B28F}.Debug_Accuracy|x64.Build.0 = Debug|x64
		{81ABC291-1414-4DC6-B9E2-5E9CD5E1B28F}.Debug_Accuracy|x86.ActiveCfg = Debug|Win32
		{81ABC291-1414-4DC6-B9E2-5E9CD5E1B28F}.Debug_Accuracy|x86.Build.0 = Debug|Win32
		{81ABC291-1414-4DC6-B9E2-5E9CD5E1B28F}.Debug_Balanced|x64.ActiveCfg = Debug|x64
		{81ABC291-1414-4DC6-B9E2-5E9CD5E1B28F}.Debug_Balanced|x64.Build.0 = Debug|x64
		{81ABC291-1414-4DC6-B9E2-5E9CD5E1B28F}.Debug_Balanced|x86.ActiveCfg = Debug|Win32
		{81ABC291-1414-4DC6-B9E2-5E9CD5E1B28F}.Debug_Balanced|x86.Build.0 = Debug|Win32
		{81ABC291-1414-4DC6-B9E2-5E9CD5E1B28F}.Debug_Performance|x64.ActiveCfg = Debug|x64
		{81ABC291-1414-4DC6-B9E2-5E9CD5E1B28F}.Debug_Performance|x64.Build.0 = Debug|x64
		{81ABC291-1414-4DC6-B9E2-5E9CD5E1B28F}.Debug_Performance|x86.ActiveCfg = Debug|Win32
		{81ABC291-1414-4DC6-B9E2-5E9CD5E1B28F}.Debug_Performance|x86.Build.0 = Debug|Win32
		{81ABC291-1414-4DC6-B9E2-5E9CD5E1B28F}.Release_Accuracy|x64.ActiveCfg = Release|x64
		{81ABC291-1414-4DC6-B9E2-5E9CD5E1B28F}.Release_Accuracy|x64.Build.0 = Release|x64
		{81ABC291-1414-4DC6-B9E2-5E9CD5E1B28F}.Release_Accuracy|x86.ActiveCfg = Release|Win32
		{81ABC291-1414-4DC6-B9E2-5E9CD5E1B28F}.Release_Accuracy|x86.Build.0 = Release|Win32
		{81ABC291-1414-4DC6-B9E2-5E9CD5E1B28F}.Release_Balanced|x64.ActiveCfg = Release|x64
		{81ABC291-1414-4DC6-B9E2-5E9CD5E1B28F}.Release_Balanced|x64.Build.0 = Release|x64
		{81ABC291-1414-4DC6-B9E2-5E9CD5E1B28F}.Release_Balanced|x86.ActiveCfg = Release|Win32
		{81ABC291-1414-4DC6-B9E2-5E9CD5E1B28F}.Release_Balanced|x86.Build.0 = Release|Win32
		{81ABC291-1414-4DC6-B9E2-5E9CD5E1B28F}.Release_Performance|x64.ActiveCfg = Release|x64
		{81ABC291-1414-4DC6-B9E2-5E9CD5E1B28F}.Release_Performance|x64.Build.0 = Release|x64
		{81ABC291-1414-4DC6-B9E2-5E9CD5E1B28F}.Release_Performance|x86.ActiveCfg = Release|Win32
		{81ABC291-1414-4DC6-B9E2-5E9CD5E1B28F}.Release_Performance|x86.Build.0 = Release|Win32
		{2E357A06-83A7-4553-A76D-E055C62251F3}.Debug_Accuracy|x64.ActiveCfg = Debug|x64
		{2E357A06-83A7-4553-A76D-E055C62251F3}.Debug_Accuracy|x64.Build.0 = Debug|x64
		{2E357A06-83A7-4553-A76D-E055C62251F3}.Debug_Accuracy|x86.ActiveCfg = Debug|Win32
		{2E357A06-83A7-4553-A76D-E055C62251F3}.Debug_Accuracy|x86.Build.0 = Debug|Win32
		{2E357A06-83A7-4553-A76D-E055C62251F3}.Debug_Balanced|x64.ActiveCfg = Debug|x64
		{2E357A06-83A7-4553-A76D-E055C62251F3}.Debug_Balanced|x64.Build.0 = Debug|x64
		{2E357A06-83A7-4553-A76D-E055C62251F3}.Debug_Balanced|x86.ActiveCfg = Debug|Win32
		{2E357A06-83A7-4553-A76D-E055C62251F3}.Debug_Balanced|x86.Build.0 = Debug|Win32
		{2E357A06-83A7-4553-A76D-E055C62251F3}.Debug_Performance|x64.ActiveCfg = Debug|x64
		{2E357A06-83A7-4553-A76D-E055C62251F3}.Debug_Performance|x64.Build.0 = Debug|x64
		{2E357A06-83A7-4553-A76D-E055C62251F3}.Debug_Performance|x86.ActiveCfg = Debug|Win32
		{2E357A06-83A7-4553-A76D-E055C62251F3}.Debug_Performance|x86.Build.0 = Debug|Win32
		{2E357A06-83A7-4553-A76D-E055C62251F3}.Release_Accuracy|x64.ActiveCfg = Release|x64
		{2E357A06-83A7-4553-A76D-E055C62251F3}.Release_Accuracy|x64.Build.0 = Release|x64
		{2E357A06-83A7-4553-A76D-E055C62251F3}.Release_Accuracy|x86.ActiveCfg = Release|Win32
		{2E357A06-83A7-4553-A76D-E055C62251F3}.Release_Accuracy|x86.Build.0 = Release|Win32
		{2E357A06-83A7-4553-A76D-E055C62251F3}.Release_Balanced|x64.ActiveCfg = Release|x64
		{2E357A06-83A7-4553-A76D-E055C62251F3}.Release_Balanced|x64.Build.0 = Release|x64
		{2E357A06-83A7-4553-A76D-E055C62251F3}.Release_Balanced|x86.ActiveCfg = Release|Win32
		{2E357A06-83A7-4553-A76D-E055C62251F3}.Release_Balanced|x86.Build.0 = Release|Win32
		{2E357A06-83A7-4553-A76D-E055C62251F3}.Release_Performance|x64.ActiveCfg = Release|x64
		{2E357A06-83A7-4553-A76D-E055C62251F3}.Release_Performance|x64.Build.0 = Release|x64
		{2E357A06-83A7-4553-A76D-E055C62251F3}.Release_Performance|x86.ActiveCfg = Release|Win32
		{2E357A06-83A7-4553-A76D-E055C62251F3}.Release_Performance|x86.Build.0 = Release|Win32
		{95BD8D94-CBA6-42DE-A976-4DE233000A39}.Debug_Accuracy|x64.ActiveCfg = Debug_Accuracy|x64
		{95BD8D94-CBA6-42DE-A976-4DE233000A39}.Debug_Accuracy|x64.Build.0 = Debug_Accuracy|x64
		{95BD8D94-CBA6-42DE-A976-4DE233000A39}.Debug_Accuracy|x86.ActiveCfg = Debug_Accuracy|Win32
		{95BD8D94-CBA6-42DE-A976-4DE233000A39}.Debug_Accuracy|x86.Build.0 = Debug_Accuracy|Win32
		{95BD8D94-CBA6-42DE-A976-4DE233000A39}.Debug_Balanced|x64.ActiveCfg = Debug_Balanced|x64
		{95BD8D94-CBA6-42DE-A976-4DE233000A39}.Debug_Balanced|x64.Build.0 = Debug_Balanced|x64
		{95BD8D94-CBA6-42DE-A976-4DE233000A39}.Debug_Balanced|x86.ActiveCfg = Debug_Balanced|Win32
		{95BD8D94-CBA6-42DE-A976-4DE233000A39}.Debug_Balanced|x86.Build.0 = Debug_Balanced|Win32
		{95BD8D94-CBA6-42DE-A976-4DE233000A39}.Debug_Performance|x64.ActiveCfg = Debug_Performance|x64
		{95BD8D94-CBA6-42DE-A976-4DE233000A39}.Debug_Performance|x64.Build.0 = Debug_Performance|x64
		{95BD8D94-CBA6-42DE-A976-4DE233000A39}.Debug_Performance|x86.ActiveCfg = Debug_Performance|Win32
		{95BD8D94-CBA6-42DE-A976-4DE233000A39}.Debug_Performance|x86.Build.0 = Debug_Performance|Win32
		{95BD8D94-CBA6-42DE-A976-4DE233000A39}.Release_Accuracy|x64.ActiveCfg = Release_Accuracy|x64
		{95BD8D94-CBA6-42DE-A976-4DE233000A39}.Release_Accuracy|x64.Build.0 = Release_Accuracy|x64
		{95BD8D94-CBA6-42DE-A976-4DE233000A39}.Release_Accuracy|x86.ActiveCfg = Release_Accuracy|Win32
		{95BD8D94-CBA6-42DE-A976-4DE233000A39}.Release_Accuracy|x86.Build.0 = Release_Accuracy|Win32
		{95BD8D94-CBA6-42DE-A976-4DE233000A39}.Release_Balanced|x64.ActiveCfg = Release_Balanced|x64
		{95BD8D94-CBA6-42DE-A976-4DE233000A39}.Release_Balanced|x64.Build.0 = Release_Balanced|x64
		{95BD8D94-CBA6-42DE-A976-4DE233000A39}.Release_Balanced|x86.ActiveCfg = Release_Balanced|Win32
		{95BD8D94-CBA6-42DE-A976-4DE233000A39}.Release_Balanced|x86.Build.0 = Release_Balanced|Win32
		{95BD8D94-CBA6-42DE-A976-4DE233000A39}.Release_Performance|x64.ActiveCfg = Release_Performance|x64
		{95BD8D94-CBA6-42DE-A976-4DE233000A39}.Release_Performance|x64.Build.0 = Release_Performance|x64
		{95BD8D94-CBA6-42DE-A976-4DE233000A39}.Release_Performance|x86.ActiveCfg = Release_Performance|Win32
		{95BD8D94-CBA6-42DE-A976-4DE233000A39}.Release_Performance|x86.Build.0 = Release_Performance|Win32
		{7017D65E-33C4-4933-968C-78C0F0804F5F}.Debug_Accuracy|x64.ActiveCfg = Debug_Accuracy|x64
		{7017D65E-33C4-4933-968C-78C0F0804F5F}.Debug_Accuracy|x64.Build.0 = Debug_Accuracy|x64
		{7017D65E-33C4-4933-968C-78C0F0804F5F}.Debug_Accuracy|x86.ActiveCfg = Debug_Accuracy|Win32
		{7017D65E-33C4-4933-968C-78C0F0804F5F}.Debug_Accuracy|x86.Build.0 = Debug_Accuracy|Win32
		{7017D65E-33C4-4933-968C-78C0F0804F5F}.Debug_Balanced|x64.ActiveCfg = Debug_Balanced|x64
		{7017D65E-33C4-4933-968C-78C0F0804F5F}.Debug_Balanced|x64.Build.0 = Debug_Balanced|x64
		{7017D65E-33C4-4933-968C-78C0F0804F5F}.Debug_Balanced|x86.ActiveCfg = Debug_Balanced|Win32
		{7017D65E-33C4-4933-968C-78C0F0804F5F}.Debug_Balanced|x86.Build.0 = Debug_Balanced|Win32
		{7017D65E-33C4-4933-968C-78C0F0804F5F}.Debug_Performance|x64.ActiveCfg = Debug_Performance|x64
		{7017D65E-33C4-4933-968C-78C0F0804F5F}.Debug_Performance|x64.Build.0 = Debug_Performance|x64
		{7017D65E-33C4-4933-968C-78C0F0804F5F}.Debug_Performance|x86.ActiveCfg = Debug_Performance|Win32
		{7017D65E-33C4-4933-968C-78C0F0804F5F}.Debug_Performance|x86.Build.0 = Debug_Performance|Win32
		{7017D65E-33C4-4933-968C-78C0F0804F5F}.Release_Accuracy|x64.ActiveCfg = Release_Accuracy|x64
		{7017D65E-33C4-4933-968C-78C0F0804F5F}.Release_Accuracy|x64.Build.0 = Release_Accuracy|x64
		{7017D65E-33C4-4933-968C-78C0F0804F5F}.Release_Accuracy|x86.ActiveCfg = Release_Accuracy|Win32
		{7017D65E-33C4-4933-968C-78C0F0804F5F}.Release_Accuracy|x86.Build.0 = Release_Accuracy|Win32
		{7017D65E-33C4-4933-968C-78C0F0804F5F}.Release_Balanced|x64.ActiveCfg = Release_Balanced|x64
		{7017D65E-33C4-4933-968C-78C0F0804F5F}.Release_Balanced|x64.Build.0 = Release_Balanced|x64
		{7017D65E-33C4-4933-968C-78C0F0804F5F}.Release_Balanced|x86.ActiveCfg = Release_Balanced|Win32
		{7017D65E-33C4-4933-968C-78C0F0804F5F}.Release_Balanced|x86.Build.0 = Release_Balanced|Win32
		{7017D65E-33C4-4933-968C-78C0F0804F5F}.Release_Performance|x64.ActiveCfg = Release_Performance|x64
		{7017D65E-33C4-4933-968C-78C0F0804F5F}.Release_Performance|x64.Build.0 = Release_Performance|x64
		{7017D65E-33C4-4933-968C-78C0F0804F5F}.Release_Performance|x86.ActiveCfg = Release_Performance|Win32
		{7017D65E-33C4-4933-968C-78C0F0804F5F}.Release_Performance|x86.Build.0 = Release_Performance|Win32
		{8E766CF6-CAFB-496B-8822-E1CEA12E37A6}.Debug_Accuracy|x64.ActiveCfg = Debug_Accuracy|x64
		{8E766CF6-CAFB-496B-8822-E1CEA12E37A6}.Debug_Accuracy|x64.Build.0 = Debug_Accuracy|x64
		{8E766CF6-CAFB-496B-8822-E1CEA12E37A6}.Debug_Accuracy|x86.ActiveCfg = Debug_Accuracy|Win32
		{8E766CF6-CAFB-496B-8822-E1CEA12E37A6}.Debug_Accuracy|x86.Build.0 = Debug_Accuracy|Win32
		{8E766CF6-CAFB-496B-8822-E1CEA12E37A6}.Debug_Balanced|x64.ActiveCfg = Debug_Balanced|x64
		{8E766CF6-CAFB-496B-8822-E1CEA12E37A6}.Debug_Balanced|x64.Build.0 = Debug_Balanced|x64
		{8E766CF6-CAFB-496B-8822-E1CEA12E37A6}.Debug_Balanced|x86.ActiveCfg = Debug_Balanced|Win32
		{8E766CF6-CAFB-496B-8822-E1CEA12E37A6}.Debug_Balanced|x86.Build.0 = Debug_Balanced|Win32
		{8E766CF6-CAFB-496B-8822-E1CEA12E37A6}.Debug_Performance|x64.ActiveCfg = Debug_Performance|x64
		{8E766CF6-CAFB-496B-8822-E1CEA12E37A6}.Debug_Performance|x64.Build.0 = Debug_Performance|x64
		{8E766CF6-CAFB-496B-8822-E1CEA12E37A6}.Debug_Performance|x86.ActiveCfg = Debug_Performance|Win32
		{8E766CF6-CAFB-496B-8822-E1CEA12E37A6}.Debug_Performance|x86.Build.0 = Debug_Performance|Win32
		{8E766CF6-CAFB-496B-8822-E1CEA12E37A6}.Release_Accuracy|x64.ActiveCfg = Release_Accuracy|x64
		{8E766CF6-CAFB-496B-8822-E1CEA12E37A6}.Release_Accuracy|x64.Build.0 = Release_Accuracy|x64
		{8E766CF6-CAFB-496B-8822-E1CEA12E37A6}.Release_Accuracy|x86.ActiveCfg = Release_Accuracy|Win32
		{8E766CF6-CAFB-496B-8822-E1CEA12E37A6}.Release_Accuracy|x86.Build.0 = Release_Accuracy|Win32
		{8E766CF6-CAFB-496B-8822-E1CEA12E37A6}.Release_Balanced|x64.ActiveCfg = Release_Balanced|x64
		{8E766CF6-CAFB-496B-8822-E1CEA12E37A6}.Release_Balanced|x64.Build.0 = Release_Balanced|x64
		{8E766CF6-CAFB-496B-8822-E1CEA12E37A6}.Release_Balanced|x86.ActiveCfg = Release_Balanced|Win32
		{8E766CF6-CAFB-496B-8822-E1CEA12E37A6}.Release_Balanced|x86.Build.0 = Release_Balanced|Win32
		{8E766CF6-CAFB-496B-8822-E1CEA12E37A6}.Release_Performance|x64.ActiveCfg = Release_Performance|x64
		{8E766CF6-CAFB-496B-8822-E1CEA12E37A6}.Release_Performance|x64.Build.0 = Release_Performance|x64
		{8E766CF6-CAFB-496B-8822-E1CEA12E37A6}.Release_Performance|x86.ActiveCfg = Release_Performance|Win32
		{8E766CF6-CAFB-496B-8822-E1CEA12E37A6}.Release_Performance|x86.Build.0 = Release_Performance|Win32
		{AAD9122B-30CC-4F9F-A469-84F85ABD6DAD}.Debug_Accuracy|x64.ActiveCfg = Debug_Accuracy|x64
		{AAD9122B-30CC-4F9F-A469-84F85ABD6DAD}.Debug_Accuracy|x64.Build.0 = Debug_Accuracy|x64
		{AAD9122B-30CC-4F9F-A469-84F85ABD6DAD}.Debug_Accuracy|x86.ActiveCfg = Debug_Accuracy|Win32
		{AAD9122B-30CC-4F9F-A469-84F85ABD6DAD}.Debug_Accuracy|x86.Build.0 = Debug_Accuracy|Win32
		{AAD9122B-30CC-4F9F-A469-84F85ABD6DAD}.Debug_Balanced|x64.ActiveCfg = Debug_Balanced|x64
		{AAD9122B-30CC-4F9F-A469-84F85ABD6DAD}.Debug_Balanced|x64.Build.0 = Debug_Balanced|x64
		{AAD9122B-30CC-4F9F-A469-84F85ABD6DAD}.Debug_Balanced|x86.ActiveCfg = Debug_Balanced|Win32
		{AAD9122B-30CC-4F9F-A469-84F85ABD6DAD}.Debug_Balanced|x86.Build.0 = Debug_Balanced|Win32
		{AAD9122B-30CC-4F9F-A469-84F85ABD6DAD}.Debug_Performance|x64.ActiveCfg = Debug_Performance|x64
		{AAD9122B-30CC-4F9F-A469-84F85ABD6DAD}.Debug_Performance|x64.Build.0 = Debug_Performance|x64
		{AAD9122B-30CC-4F9F-A469-84F85ABD6DAD}.Debug_Performance|x86.ActiveCfg = Debug_Performance|Win32
		{AAD9122B-30CC-4F9F-A469-84F85ABD6DAD}.Debug_Performance|x86.Build.0 = Debug_Performance|Win32
		{AAD9122B-30CC-4F9F-A469-84F85ABD6DAD}.Release_Accuracy|x64.ActiveCfg = Release_Accuracy|x64
		{AAD9122B-30CC-4F9F-A469-84F85ABD6DAD}.Release_Accuracy|x64.Build.0 = Release_Accuracy|x64
		{AAD9122B-30CC-4F9F-A469-84F85ABD6DAD}.Release_Accuracy|x86.ActiveCfg = Release_Accuracy|Win32
		{AAD9122B-30CC-4F9F-A469-84F85ABD6DAD}.Release_Accuracy|x86.Build.0 = Release_Accuracy|Win32
		{AAD9122B-30CC-4F9F-A469-84F85ABD6DAD}.Release_Balanced|x64.ActiveCfg = Release_Balanced|x64
		{AAD9122B-30CC-4F9F-A469-84F85ABD6DAD}.Release_Balanced|x64.Build.0 = Release_Balanced|x64
		{AAD9122B-30CC-4F9F-A469-84F85ABD6DAD}.Release_Balanced|x86.ActiveCfg = Release_Balanced|Win32
		{AAD9122B-30CC-4F9F-A469-84F85ABD6DAD}.Release_Balanced|x86.Build.0 = Release_Balanced|Win32
		{AAD9122B-30CC-4F9F-A469-84F85ABD6DAD}.Release_Performance|x64.ActiveCfg = Release_Performance|x64
		{AAD9122B-30CC-4F9F-A469-84F85ABD6DAD}.Release_Performance|x64.Build.0 = Release_Performance|x64
		{AAD9122B-30CC-4F9F-A469-84F85ABD6DAD}.Release_Performance|x86.ActiveCfg = Release_Performance|Win32
		{AAD9122B-30CC-4F9F-A469-84F85ABD6DAD}.Release_Performance|x86.Build.0 = Release_Performance|Win32
		{A4B3574F-376D-4289-865F-2B1FC8504D14}.Debug_Accuracy|x64.ActiveCfg = Debug_Accuracy|x64
		{A4B3574F-376D-4289-865F-2B1FC8504D14}.Debug_Accuracy|x64.Build.0 = Debug_Accuracy|x64
		{A4B3574F-376D-4289-865F-2B1FC8504D14}.Debug_Accuracy|x86.ActiveCfg = Debug_Accuracy|Win32
		{A4B3574F-376D-4289-865F-2B1FC8504D14}.Debug_Accuracy|x86.Build.0 = Debug_Accuracy|Win32
		{A4B3574F-376D-4289-865F-2B1FC8504D14}.Debug_Balanced|x64.ActiveCfg = Debug_Balanced|x64
		{A4B3574F-376D-4289-865F-2B1FC8504D14}.Debug_Balanced|x64.Build.0 = Debug_Balanced|x64
		{A4B3574F-376D-4289-865F-2B1FC8504D14}.Debug_Balanced|x86.ActiveCfg = Debug_Balanced|Win32
		{A4B3574F-376D-4289-865F-2B1FC8504D14}.Debug_Balanced|x86.Build.0 = Debug_Balanced|Win32
		{A4B3574F-376D-4289-865F-2B1FC8504D14}.Debug_Performance|x64.ActiveCfg = Debug_Performance|x64
		{A4B3574F-376D-4289-865F-2B1FC8504D14}.Debug_Performance|x64.Build.0 = Debug_Performance|x64
		{A4B3574F-376D-4289-865F-2B1FC8504D14}.Debug_Performance|x86.ActiveCfg = Debug_Performance|Win32
		{A4B3574F-376D-4289-865F-2B1FC8504D14}.Debug_Performance|x86.Build.0 = Debug_Performance|Win32
		{A4B3574F-376D-4289-865F-2B1FC8504D14}.Release_Accuracy|x64.ActiveCfg = Release_Accuracy|x64
		{A4B3574F-376D-4289-865F-2B1FC8504D14}.Release_Accuracy|x64.Build.0 = Release_Accuracy|x64
		{A4B3574F-376D-4289-865F-2B1FC8504D14}.Release_Accuracy|x86.ActiveCfg = Release_Accuracy|Win32
		{A4B3574F-376D-4289-865F-2B1FC8504D14}.Release_Accuracy|x86.Build.0 = Release_Accuracy|Win32
		{A4B3574F-376D-4289-865F-2B1FC8504D14}.Release_Balanced|x64.ActiveCfg = Release_Balanced|x64
		{A4B3574F-376D-4289-865F-2B1FC8504D14}.Release_Balanced|x64.Build.0 = Release_Balanced|x64
		{A4B3574F-376D-4289-865F-2B1FC8504D14}.Release_Balanced|x86.ActiveCfg = Release_Balanced|Win32
		{A4B3574F-376D-4289-865F-2B1FC8504D14}.Release_Balanced|x86.Build.0 = Release_Balanced|Win32
		{A4B3574F-376D-4289-865F-2B1FC8504D14}.Release_Performance|x64.ActiveCfg = Release_Performance|x64
		{A4B3574F-376D-4289-865F-2B1FC8504D14}.Release_Performance|x64.Build.0 = Release_Performance|x64
		{A4B3574F-376D-4289-865F-2B1FC8504D14}.Release_Performance|x86.ActiveCfg = Release_Performance|Win32
		{A4B3574F-376D-4289-865F-2B1FC8504D14}.Release_Performance|x86.Build.0 = Release_Performance|Win32
		{10EEB27E-9C71-4B96-8BF9-8F5793D75EE6}.Debug_Accuracy|x64.ActiveCfg = Debug_Accuracy|x64
		{10EEB27E-9C71-4B96-8BF9-8F5793D75EE6}.Debug_Accuracy|x64.Build.0 = Debug_Accuracy|x64
		{10EEB27E-9C71-4B96-8BF9-8F5793D75EE6}.Debug_Accuracy|x86.ActiveCfg = Debug_Accuracy|Win32
		{10EEB27E-9C71-4B96-8BF9-8F5793D75EE6}.Debug_Accuracy|x86.Build.0 = Debug_Accuracy|Win32
		{10EEB27E-9C71-4B96-8BF9-8F5793D75EE6}.Debug_Balanced|x64.ActiveCfg = Debug_Balanced|x64
		{10EEB27E-9C71-4B96-8BF9-8F5793D75EE6}.Debug_Balanced|x64.Build.0 = Debug_Balanced|x64
		{10EEB27E-9C71-4B96-8BF9-8F5793D75EE6}.Debug_Balanced|x86.ActiveCfg = Debug_Balanced|Win32
		{10EEB27E-9C71-4B96-8BF9-8F5793D75EE6}.Debug_Balanced|x86.Build.0 = Debug_Balanced|Win32
		{10EEB27E-9C71-4B96-8BF9-8F5793D75EE6}.Debug_Performance|x64.ActiveCfg = Debug_Performance|x64
		{10EEB27E-9C71-4B96-8BF9-8F5793D75EE6}.Debug_Performance|x64.Build.0 = Debug_Performance|x64
		{10EEB27E-9C71-4B96-8BF9-8F5793D75EE6}.Debug_Performance|x86.ActiveCfg = Debug_Performance|Win32
		{10EEB27E-9C71-4B96-8BF9-8F5793D75EE6}.Debug_Performance|x86.Build.0 = Debug_Performance|Win32
		{10EEB27E-9C71-4B96-8BF9-8F5793D75EE6}.Release_Accuracy|x64.ActiveCfg = Release_Accuracy|x64
		{10EEB27E-9C71-4B96-8BF9-8F5793D75EE6}.Release_Accuracy|x64.Build.0 = Release_Accuracy|x64
		{10EEB27E-9C71-4B96-8BF9-8F5793D75EE6}.Release_Accuracy|x86.ActiveCfg = Release_Accuracy|Win32
		{10EEB27E-9C71-4B96-8BF9-8F5793D75EE6}.Release_Accuracy|x86.Build.0 = Release_Accuracy|Win32
		{10EEB27E-9C71-4B96-8BF9-8F5793D75EE6}.Release_Balanced|x64.ActiveCfg = Release_Balanced|x64
		{10EEB27E-9C71-4B96-8BF9-8F5793D75EE6}.Release_Balanced|x64.Build.0 = Release_Balanced|x64
		{10EEB27E-9C71-4B96-8BF9-8F5793D75EE6}.Release_Balanced|x86.ActiveCfg = Release_Balanced|Win32
		{10EEB27E-9C71-4B96-8BF9-8F5793D75EE6}.Release_Balanced|x86.Build.0 = Release_Balanced|Win32
		{10EEB27E-9C71-4B96-8BF9-8F5793D75EE6}.Release_Performance|x64.ActiveCfg = Release_Performance|x64
		{10EEB27E-9C71-4B96-8BF9-8F5793D75EE6}.Release_Performance|x64.Build.0 = Release_Performance|x64
		{10EEB27E-9C71-4B96-8BF9-8F5793D75EE6}.Release_Performance|x86.ActiveCfg = Release_Performance|Win32
		{10EEB27E-9C71-4B96-8BF9-8F5793D75EE6}.Release_Performance|x86.Build.0 = Release_Performance|Win32
		{B1EB62C4-E285-4C38-AC0A-132777F698DE}.Debug_Accuracy|x64.ActiveCfg = Debug|x64
		{B1EB62C4-E285-4C38-AC0A-132777F698DE}.Debug_Accuracy|x64.Build.0 = Debug|x64
		{B1EB62C4-E285-4C38-AC0A-132777F698DE}.Debug_Accuracy|x86.ActiveCfg = Debug|Win32
		{B1EB62C4-E285-4C38-AC0A-132777F698DE}.Debug_Accuracy|x86.Build.0 = Debug|Win32
		{B1EB62C4-E285-4C38-AC0A-132777F698DE}.Debug_Balanced|x64.ActiveCfg = Debug|x64
		{B1EB62C4-E285-4C38-AC0A-132777F698DE}.Debug_Balanced|x64.Build.0 = Debug|x64
		{B1EB62C4-E285-4C38-AC0A-132777F698DE}.Debug_Balanced|x86.ActiveCfg = Debug|Win32
		{B1EB62C4-E285-4C38-AC0A-132777F698DE}.Debug_Balanced|x86.Build.0 = Debug|Win32
		{B1EB62C4-E285-4C38-AC0A-132777F698DE}.Debug_Performance|x64.ActiveCfg = Debug|x64
		{B1EB62C4-E285-4C38-AC0A-132777F698DE}.Debug_Performance|x64.Build.0 = Debug|x64
		{B1EB62C4-E285-4C38-AC0A-132777F698DE}.Debug_Performance|x86.ActiveCfg = Debug|Win32
		{B1EB62C4-E285-4C38-AC0A-132777F698DE}.Debug_Performance|x86.Build.0 = Debug|Win32
		{B1EB62C4-E285-4C38-AC0A-132777F698DE}.Release_Accuracy|x64.ActiveCfg = Release|x64
		{B1EB62C4-E285-4C38-AC0A-132777F698DE}.Release_Accuracy|x64.Build.0 = Release|x64
		{B1EB62C4-E285-4C38-AC0A-132777F698DE}.Release_Accuracy|x86.ActiveCfg = Release|Win32
		{B1EB62C4-E285-4C38-AC0A-132777F698DE}.Release_Accuracy|x86.Build.0 = Release|Win32
		{B1EB62C4-E285-4C38-AC0A-132777F698DE}.Release_Balanced|x64.ActiveCfg = Release|x64
		{B1EB62C4-E285-4C38-AC0A-132777F698DE}.Release_Balanced|x64.Build.0 = Release|x64
		{B1EB62C4-E285-4C38-AC0A-132777F698DE}.Release_Balanced|x86.ActiveCfg = Release|Win32
		{B1EB62C4-E285-4C38-AC0A-132777F698DE}.Release_Balanced|x86.Build.0 = Release|Win32
		{B1EB62C4-E285-4C38-AC0A-132777F698DE}.Release_Performance|x64.ActiveCfg = Release|x64
		{B1EB62C4-E285-4C38-AC0A-132777F698DE}.Release_Performance|x64.Build.0 = Release|x64
		{B1EB62C4-E285-4C38-AC0A-132777F698DE}.Release_Performance|x86.ActiveCfg = Release|Win32
		{B1EB62C4-E285-4C38-AC0A-132777F698DE}.Release_Performance|x86.Build.0 = Release|Win32
	EndGlobalSection
	GlobalSection(SolutionProperties) = preSolution
		HideSolutionNode = FALSE
	EndGlobalSection
EndGlobal
