<?xml version="1.0" encoding="utf-8"?>
<Project ToolsVersion="4.0" xmlns="http://schemas.microsoft.com/developer/msbuild/2003">
  <ItemGroup>
    <ClCompile Include="..\higan\sfc\system\system.cpp">
      <Filter>Source Files</Filter>
    </ClCompile>
    <ClCompile Include="..\higan\sfc\coprocessor\armdsp\armdsp.cpp">
      <Filter>Source Files</Filter>
    </ClCompile>
    <ClCompile Include="..\higan\sfc\slot\bsmemory\bsmemory.cpp">
      <Filter>Source Files</Filter>
    </ClCompile>
    <ClCompile Include="..\higan\sfc\cartridge\cartridge.cpp">
      <Filter>Source Files</Filter>
    </ClCompile>
    <ClCompile Include="..\higan\sfc\cheat\cheat.cpp">
      <Filter>Source Files</Filter>
    </ClCompile>
    <ClCompile Include="..\higan\sfc\controller\controller.cpp">
      <Filter>Source Files</Filter>
    </ClCompile>
    <ClCompile Include="..\higan\sfc\cpu\cpu.cpp">
      <Filter>Source Files</Filter>
    </ClCompile>
    <ClCompile Include="..\higan\sfc\coprocessor\epsonrtc\epsonrtc.cpp">
      <Filter>Source Files</Filter>
    </ClCompile>
    <ClCompile Include="..\higan\sfc\coprocessor\event\event.cpp">
      <Filter>Source Files</Filter>
    </ClCompile>
    <ClCompile Include="..\higan\sfc\coprocessor\hitachidsp\hitachidsp.cpp">
      <Filter>Source Files</Filter>
    </ClCompile>
    <ClCompile Include="..\higan\sfc\coprocessor\icd2\icd2.cpp">
      <Filter>Source Files</Filter>
    </ClCompile>
    <ClCompile Include="..\higan\sfc\interface\interface.cpp">
      <Filter>Source Files</Filter>
    </ClCompile>
    <ClCompile Include="..\higan\sfc\coprocessor\mcc\mcc.cpp">
      <Filter>Source Files</Filter>
    </ClCompile>
    <ClCompile Include="..\higan\sfc\memory\memory.cpp">
      <Filter>Source Files</Filter>
    </ClCompile>
    <ClCompile Include="..\higan\sfc\coprocessor\msu1\msu1.cpp">
      <Filter>Source Files</Filter>
    </ClCompile>
    <ClCompile Include="..\higan\sfc\coprocessor\necdsp\necdsp.cpp">
      <Filter>Source Files</Filter>
    </ClCompile>
    <ClCompile Include="..\higan\sfc\coprocessor\nss\nss.cpp">
      <Filter>Source Files</Filter>
    </ClCompile>
    <ClCompile Include="..\higan\sfc\coprocessor\obc1\obc1.cpp">
      <Filter>Source Files</Filter>
    </ClCompile>
    <ClCompile Include="..\higan\sfc\coprocessor\sa1\sa1.cpp">
      <Filter>Source Files</Filter>
    </ClCompile>
    <ClCompile Include="..\higan\sfc\expansion\satellaview\satellaview.cpp">
      <Filter>Source Files</Filter>
    </ClCompile>
    <ClCompile Include="..\higan\sfc\coprocessor\sdd1\sdd1.cpp">
      <Filter>Source Files</Filter>
    </ClCompile>
    <ClCompile Include="..\higan\sfc\coprocessor\sharprtc\sharprtc.cpp">
      <Filter>Source Files</Filter>
    </ClCompile>
    <ClCompile Include="..\higan\sfc\smp\smp.cpp">
      <Filter>Source Files</Filter>
    </ClCompile>
    <ClCompile Include="..\higan\sfc\coprocessor\spc7110\spc7110.cpp">
      <Filter>Source Files</Filter>
    </ClCompile>
    <ClCompile Include="..\higan\sfc\slot\sufamiturbo\sufamiturbo.cpp">
      <Filter>Source Files</Filter>
    </ClCompile>
    <ClCompile Include="..\higan\sfc\coprocessor\superfx\superfx.cpp">
      <Filter>Source Files</Filter>
    </ClCompile>
    <ClCompile Include="..\higan\sfc\expansion\21fx\21fx.cpp">
      <Filter>Source Files</Filter>
    </ClCompile>
    <ClCompile Include="..\higan\sfc\dsp\dsp.cpp">
      <Filter>Source Files</Filter>
    </ClCompile>
    <ClCompile Include="..\higan\sfc\ppu\ppu.cpp">
      <Filter>Source Files</Filter>
    </ClCompile>
    <ClCompile Include="..\higan\sfc\scheduler\scheduler.cpp">
      <Filter>Source Files</Filter>
    </ClCompile>
    <ClCompile Include="..\higan\sfc\expansion\superdisc\superdisc.cpp">
      <Filter>Source Files</Filter>
    </ClCompile>
  </ItemGroup>
  <ItemGroup>
    <Filter Include="Source Files">
      <UniqueIdentifier>{dda17332-4ccc-413f-98f3-e8de0c360f50}</UniqueIdentifier>
    </Filter>
    <Filter Include="Header Files">
      <UniqueIdentifier>{e9c1e9fb-abcf-4fb9-93f5-25efc31b585c}</UniqueIdentifier>
    </Filter>
  </ItemGroup>
  <ItemGroup>
    <ClInclude Include="..\higan\sfc\expansion\21fx\21fx.h">
      <Filter>Header Files</Filter>
    </ClInclude>
    <ClInclude Include="..\higan\sfc\expansion\satellaview\satellaview.h">
      <Filter>Header Files</Filter>
    </ClInclude>
    <ClInclude Include="..\higan\sfc\scheduler\scheduler.h">
      <Filter>Header Files</Filter>
    </ClInclude>
    <ClInclude Include="..\higan\sfc\expansion\superdisc\superdisc.h">
      <Filter>Header Files</Filter>
    </ClInclude>
  </ItemGroup>
</Project>