<?xml version="1.0" encoding="utf-8"?>
<Project ToolsVersion="4.0" xmlns="http://schemas.microsoft.com/developer/msbuild/2003">
  <ItemGroup>
    <ClCompile Include="..\higan\gb\apu\apu.cpp">
      <Filter>Source Files</Filter>
    </ClCompile>
    <ClCompile Include="..\higan\gb\cartridge\cartridge.cpp">
      <Filter>Source Files</Filter>
    </ClCompile>
    <ClCompile Include="..\higan\gb\cheat\cheat.cpp">
      <Filter>Source Files</Filter>
    </ClCompile>
    <ClCompile Include="..\higan\gb\cpu\cpu.cpp">
      <Filter>Source Files</Filter>
    </ClCompile>
    <ClCompile Include="..\higan\gb\interface\interface.cpp">
      <Filter>Source Files</Filter>
    </ClCompile>
    <ClCompile Include="..\higan\gb\memory\memory.cpp">
      <Filter>Source Files</Filter>
    </ClCompile>
    <ClCompile Include="..\higan\gb\ppu\ppu.cpp">
      <Filter>Source Files</Filter>
    </ClCompile>
    <ClCompile Include="..\higan\gb\scheduler\scheduler.cpp">
      <Filter>Source Files</Filter>
    </ClCompile>
    <ClCompile Include="..\higan\gb\system\system.cpp">
      <Filter>Source Files</Filter>
    </ClCompile>
    <ClCompile Include="..\higan\gb\video\video.cpp">
      <Filter>Source Files</Filter>
    </ClCompile>
  </ItemGroup>
  <ItemGroup>
    <Filter Include="Source Files">
      <UniqueIdentifier>{8e7ac234-6fb3-4669-942d-79ceff2ba3a4}</UniqueIdentifier>
    </Filter>
    <Filter Include="Header Files">
      <UniqueIdentifier>{4bc3e263-362a-4350-bff1-fb9fb3856de4}</UniqueIdentifier>
    </Filter>
  </ItemGroup>
</Project>