<?xml version="1.0" encoding="utf-8"?>
<Project ToolsVersion="4.0" xmlns="http://schemas.microsoft.com/developer/msbuild/2003">
  <ItemGroup>
    <ClCompile Include="..\higan\processor\arm\arm.cpp">
      <Filter>Source Files</Filter>
    </ClCompile>
    <ClCompile Include="..\higan\processor\gsu\gsu.cpp">
      <Filter>Source Files</Filter>
    </ClCompile>
    <ClCompile Include="..\higan\processor\hg51b\hg51b.cpp">
      <Filter>Source Files</Filter>
    </ClCompile>
    <ClCompile Include="..\higan\processor\lr35902\lr35902.cpp">
      <Filter>Source Files</Filter>
    </ClCompile>
    <ClCompile Include="..\higan\processor\r6502\r6502.cpp">
      <Filter>Source Files</Filter>
    </ClCompile>
    <ClCompile Include="..\higan\processor\r65816\r65816.cpp">
      <Filter>Source Files</Filter>
    </ClCompile>
    <ClCompile Include="..\higan\processor\spc700\spc700.cpp">
      <Filter>Source Files</Filter>
    </ClCompile>
    <ClCompile Include="..\higan\processor\upd96050\upd96050.cpp">
      <Filter>Source Files</Filter>
    </ClCompile>
  </ItemGroup>
  <ItemGroup>
    <Filter Include="Source Files">
      <UniqueIdentifier>{73003e32-f1cf-4dbf-bd28-920f3d95c492}</UniqueIdentifier>
    </Filter>
    <Filter Include="Header Files">
      <UniqueIdentifier>{04bb2025-e412-453d-afde-451eff0ac0d7}</UniqueIdentifier>
    </Filter>
  </ItemGroup>
</Project>